{
  "name": "liveking",
  "version": "1.0.0",
  "lockfileVersion": 2,
  "requires": true,
  "packages": {
    "": {
      "name": "liveking",
      "version": "1.0.0",
      "license": "ISC",
      "dependencies": {
        "wikipedia": "^2.0.0",
        "wikipedia-js": "^0.0.6"
      }
    },
    "node_modules/boolbase": {
      "version": "1.0.0",
      "resolved": "https://registry.npmjs.org/boolbase/-/boolbase-1.0.0.tgz",
      "integrity": "sha512-JZOSA7Mo9sNGB8+UjSgzdLtokWAky1zbztM3WRLCbZ70/3cTANmQmOdR7y2g+J0e2WXywy1yS468tY+IruqEww=="
    },
    "node_modules/camelcase": {
      "version": "4.1.0",
      "resolved": "https://registry.npmjs.org/camelcase/-/camelcase-4.1.0.tgz",
      "integrity": "sha512-FxAv7HpHrXbh3aPo4o2qxHay2lkLY3x5Mw3KeE4KQE8ysVfziWeRZDwcjauvwBSGEC/nXUPzZy8zeh4HokqOnw==",
      "engines": {
        "node": ">=4"
      }
    },
    "node_modules/cheerio": {
      "version": "0.10.8",
      "resolved": "https://registry.npmjs.org/cheerio/-/cheerio-0.10.8.tgz",
      "integrity": "sha512-/rDdcRIPVkXblUMxhRe9r/sANqG5T7App+V3LJby4GkN+0PrWmFwpE1k4FfbFpiJAOAy7vxUzi4sNX5in0nL2w==",
      "dependencies": {
        "cheerio-select": "*",
        "entities": "0.x",
        "htmlparser2": "2.x",
        "underscore": "~1.4"
      },
      "engines": {
        "node": ">= 0.6"
      }
    },
    "node_modules/cheerio-select": {
      "version": "2.1.0",
      "resolved": "https://registry.npmjs.org/cheerio-select/-/cheerio-select-2.1.0.tgz",
      "integrity": "sha512-9v9kG0LvzrlcungtnJtpGNxY+fzECQKhK4EGJX2vByejiMX84MFNQw4UxPJl3bFbTMw+Dfs37XaIkCwTZfLh4g==",
      "dependencies": {
        "boolbase": "^1.0.0",
        "css-select": "^5.1.0",
        "css-what": "^6.1.0",
        "domelementtype": "^2.3.0",
        "domhandler": "^5.0.3",
        "domutils": "^3.0.1"
      },
      "funding": {
        "url": "https://github.com/sponsors/fb55"
      }
    },
    "node_modules/cheerio/node_modules/underscore": {
      "version": "1.4.4",
      "resolved": "https://registry.npmjs.org/underscore/-/underscore-1.4.4.tgz",
      "integrity": "sha512-ZqGrAgaqqZM7LGRzNjLnw5elevWb5M8LEoDMadxIW3OWbcv72wMMgKdwOKpd5Fqxe8choLD8HN3iSj3TUh/giQ=="
    },
    "node_modules/cookiejar": {
      "version": "1.3.0",
      "resolved": "https://registry.npmjs.org/cookiejar/-/cookiejar-1.3.0.tgz",
      "integrity": "sha512-U+NgxxtwHIokuL04FqKEkqsaWBDtnCQo+wvYjUCtBA56Lcg8vpV3SGtBx+RAmw92SV3VT8PwsYcCFK/cC3Dw+A==",
      "engines": {
        "node": "*"
      }
    },
    "node_modules/css-select": {
      "version": "5.1.0",
      "resolved": "https://registry.npmjs.org/css-select/-/css-select-5.1.0.tgz",
      "integrity": "sha512-nwoRF1rvRRnnCqqY7updORDsuqKzqYJ28+oSMaJMMgOauh3fvwHqMS7EZpIPqK8GL+g9mKxF1vP/ZjSeNjEVHg==",
      "dependencies": {
        "boolbase": "^1.0.0",
        "css-what": "^6.1.0",
        "domhandler": "^5.0.2",
        "domutils": "^3.0.1",
        "nth-check": "^2.0.1"
      },
      "funding": {
        "url": "https://github.com/sponsors/fb55"
      }
    },
    "node_modules/css-what": {
      "version": "6.1.0",
      "resolved": "https://registry.npmjs.org/css-what/-/css-what-6.1.0.tgz",
      "integrity": "sha512-HTUrgRJ7r4dsZKU6GjmpfRK1O76h97Z8MfS1G0FozR+oF2kG6Vfe8JE6zwrkbxigziPHinCJ+gCPjA9EaBDtRw==",
      "engines": {
        "node": ">= 6"
      },
      "funding": {
        "url": "https://github.com/sponsors/fb55"
      }
    },
    "node_modules/dom-serializer": {
      "version": "2.0.0",
      "resolved": "https://registry.npmjs.org/dom-serializer/-/dom-serializer-2.0.0.tgz",
      "integrity": "sha512-wIkAryiqt/nV5EQKqQpo3SToSOV9J0DnbJqwK7Wv/Trc92zIAYZ4FlMu+JPFW1DfGFt81ZTCGgDEabffXeLyJg==",
      "dependencies": {
        "domelementtype": "^2.3.0",
        "domhandler": "^5.0.2",
        "entities": "^4.2.0"
      },
      "funding": {
        "url": "https://github.com/cheeriojs/dom-serializer?sponsor=1"
      }
    },
    "node_modules/dom-serializer/node_modules/entities": {
      "version": "4.4.0",
      "resolved": "https://registry.npmjs.org/entities/-/entities-4.4.0.tgz",
      "integrity": "sha512-oYp7156SP8LkeGD0GF85ad1X9Ai79WtRsZ2gxJqtBuzH+98YUV6jkHEKlZkMbcrjJjIVJNIDP/3WL9wQkoPbWA==",
      "engines": {
        "node": ">=0.12"
      },
      "funding": {
        "url": "https://github.com/fb55/entities?sponsor=1"
      }
    },
    "node_modules/domelementtype": {
      "version": "2.3.0",
      "resolved": "https://registry.npmjs.org/domelementtype/-/domelementtype-2.3.0.tgz",
      "integrity": "sha512-OLETBj6w0OsagBwdXnPdN0cnMfF9opN69co+7ZrbfPGrdpPVNBUj02spi6B1N7wChLQiPn4CSH/zJvXw56gmHw==",
      "funding": [
        {
          "type": "github",
          "url": "https://github.com/sponsors/fb55"
        }
      ]
    },
    "node_modules/domhandler": {
      "version": "5.0.3",
      "resolved": "https://registry.npmjs.org/domhandler/-/domhandler-5.0.3.tgz",
      "integrity": "sha512-cgwlv/1iFQiFnU96XXgROh8xTeetsnJiDsTc7TYCLFd9+/WNkIqPTxiM/8pSd8VIrhXGTf1Ny1q1hquVqDJB5w==",
      "dependencies": {
        "domelementtype": "^2.3.0"
      },
      "engines": {
        "node": ">= 4"
      },
      "funding": {
        "url": "https://github.com/fb55/domhandler?sponsor=1"
      }
    },
    "node_modules/domutils": {
      "version": "3.0.1",
      "resolved": "https://registry.npmjs.org/domutils/-/domutils-3.0.1.tgz",
      "integrity": "sha512-z08c1l761iKhDFtfXO04C7kTdPBLi41zwOZl00WS8b5eiaebNpY00HKbztwBq+e3vyqWNwWF3mP9YLUeqIrF+Q==",
      "dependencies": {
        "dom-serializer": "^2.0.0",
        "domelementtype": "^2.3.0",
        "domhandler": "^5.0.1"
      },
      "funding": {
        "url": "https://github.com/fb55/domutils?sponsor=1"
      }
    },
    "node_modules/emitter-component": {
      "version": "0.0.6",
      "resolved": "https://registry.npmjs.org/emitter-component/-/emitter-component-0.0.6.tgz",
      "integrity": "sha512-n2jptjd4U6F7sUxYJFrTp8m5BYhT/TNE5RyhNKsN9AWlIUqSxC+khjR8rtfd6bVQ0IccjB1lYPQ91R09ADlsUg=="
    },
    "node_modules/entities": {
      "version": "0.5.0",
      "resolved": "https://registry.npmjs.org/entities/-/entities-0.5.0.tgz",
      "integrity": "sha512-T5XQtlzuW+PfeSsGp3uryfYQof820zYbnUnUDEkwUVIAfgYeixIN16c4jh8gs0SqJUTGLU0XD6QsvjEPbmdwzQ=="
    },
    "node_modules/formidable": {
      "version": "1.0.9",
      "resolved": "https://registry.npmjs.org/formidable/-/formidable-1.0.9.tgz",
      "integrity": "sha512-tDcFwwnfKheIxsMcKzYjEz4jrcDfHWfyVg5Y9AxPG/YfmkGdOdcHCMDWNg1iIOaSN3VhVD0kCkwayiG9/Drg4Q==",
      "deprecated": "Please upgrade to latest, formidable@v2 or formidable@v3! Check these notes: https://bit.ly/2ZEqIau",
      "engines": {
        "node": "*"
      }
    },
    "node_modules/htmlparser2": {
      "version": "2.6.0",
      "resolved": "https://registry.npmjs.org/htmlparser2/-/htmlparser2-2.6.0.tgz",
      "integrity": "sha512-oR9aps3hDZdU0whPlDjz4HdafpcZclpjrUOwPqDldr+WDubEnVerBNP8I0Wy0VIZO5Mxq/4yALDOYZTWf5Jtog==",
      "dependencies": {
        "domelementtype": "1",
        "domhandler": "2.0",
        "domutils": "1.0"
      }
    },
    "node_modules/htmlparser2/node_modules/domelementtype": {
      "version": "1.3.1",
      "resolved": "https://registry.npmjs.org/domelementtype/-/domelementtype-1.3.1.tgz",
      "integrity": "sha512-BSKB+TSpMpFI/HOxCNr1O8aMOTZ8hT3pM3GQ0w/mWRmkhEDSFJkkyzz4XQsBV44BChwGkrDfMyjVD0eA2aFV3w=="
    },
    "node_modules/htmlparser2/node_modules/domhandler": {
      "version": "2.0.3",
      "resolved": "https://registry.npmjs.org/domhandler/-/domhandler-2.0.3.tgz",
      "integrity": "sha512-D8+qeCUo6LpYvBZsmXWunDJ9zOD8mVg6EwZIdgxmnT+xGWRsReF/TwsZ5EzlIJDipxlE6qJh1dXt9oeplGN3Bg==",
      "dependencies": {
        "domelementtype": "1"
      }
    },
    "node_modules/htmlparser2/node_modules/domutils": {
      "version": "1.0.1",
      "resolved": "https://registry.npmjs.org/domutils/-/domutils-1.0.1.tgz",
      "integrity": "sha512-EtnpDnVNvVaRBHmc5PV2lGHlgic4IjrYgS1f3U/M7CjihJIKfsJFvwj6JfAjr7f7wNDcloq3rOb08xAiL622gA==",
      "dependencies": {
        "domelementtype": "1"
      }
    },
    "node_modules/infobox-parser": {
      "version": "3.6.2",
      "resolved": "https://registry.npmjs.org/infobox-parser/-/infobox-parser-3.6.2.tgz",
      "integrity": "sha512-lasdwvbtjCtDDO6mArAs/ueFEnBJRyo2UbZPAkd5rEG5NVJ3XFCOvbMwNTT/rJlFv1+ORw8D3UvZV4brpgATCg==",
      "dependencies": {
        "camelcase": "^4.1.0"
      },
      "funding": {
        "type": "individual",
        "url": "https://www.buymeacoffee.com/2tmRKi9"
      }
    },
    "node_modules/methods": {
      "version": "0.0.1",
      "resolved": "https://registry.npmjs.org/methods/-/methods-0.0.1.tgz",
      "integrity": "sha512-pB8oFfci/xcfUgM6DTxc7lbTKifPPgs3mZUOsEgaH+1TTWpmcmv3sHl+5sUHIj2X2W8aPYa2+nJealRHK+Lo6A=="
    },
    "node_modules/mime": {
      "version": "1.2.5",
      "resolved": "https://registry.npmjs.org/mime/-/mime-1.2.5.tgz",
      "integrity": "sha512-QfwTOA+zRHSZXxl9Y7ue5ifKDhU1prnh0dO67Vgcl7Lcx0+79vL9A1ln0qtVur8CFSdYq5Zhnw9DDZQgwDh8Ng==",
      "engines": {
        "node": "*"
      }
    },
    "node_modules/node-fetch": {
      "version": "2.6.1",
      "resolved": "https://registry.npmjs.org/node-fetch/-/node-fetch-2.6.1.tgz",
      "integrity": "sha512-V4aYg89jEoVRxRb2fJdAg8FHvI7cEyYdVAh94HH0UIK8oJxUfkjlDQN9RbMx+bEjP7+ggMiFRprSti032Oipxw==",
      "engines": {
        "node": "4.x || >=6.0.0"
      }
    },
    "node_modules/nth-check": {
      "version": "2.1.1",
      "resolved": "https://registry.npmjs.org/nth-check/-/nth-check-2.1.1.tgz",
      "integrity": "sha512-lqjrjmaOoAnWfMmBPL+XNnynZh2+swxiX3WUE0s4yEHI6m+AwrK2UZOimIRl3X/4QctVqS8AiZjFqyOGrMXb/w==",
      "dependencies": {
        "boolbase": "^1.0.0"
      },
      "funding": {
        "url": "https://github.com/fb55/nth-check?sponsor=1"
      }
    },
    "node_modules/qs": {
      "version": "0.5.2",
      "resolved": "https://registry.npmjs.org/qs/-/qs-0.5.2.tgz",
      "integrity": "sha512-QYDRP8JGJ3fTiCieCglCfvN6BYBWd/qAm9F4KVAdSNE16Okoyzn/8KQxegJdZ78brV81jTLfK7/KO8YQ94fF6g==",
      "engines": {
        "node": "*"
      }
    },
    "node_modules/superagent": {
      "version": "0.12.4",
      "resolved": "https://registry.npmjs.org/superagent/-/superagent-0.12.4.tgz",
      "integrity": "sha512-vr0j35KLjGwGrihUCSueHm0Ov8Hm7Rma84mZHuQxrzF2QHrnNrzLMFA+aXfXWe5NQuTgPIYyeo7D4FqvqWqppg==",
      "deprecated": "Please upgrade to v7.0.2+ of superagent.  We have fixed numerous issues with streams, form-data, attach(), filesystem errors not bubbling up (ENOENT on attach()), and all tests are now passing.  See the releases tab for more information at <https://github.com/visionmedia/superagent/releases>.",
      "dependencies": {
        "cookiejar": "1.3.0",
        "emitter-component": "0.0.6",
        "formidable": "1.0.9",
        "methods": "0.0.1",
        "mime": "1.2.5",
        "qs": "0.5.2"
      },
      "engines": {
        "node": "*"
      }
    },
    "node_modules/underscore": {
      "version": "1.13.6",
      "resolved": "https://registry.npmjs.org/underscore/-/underscore-1.13.6.tgz",
      "integrity": "sha512-+A5Sja4HP1M08MaXya7p5LvjuM7K6q/2EaC0+iovj/wOcMsTzMvDFbasi/oSapiwOlt252IqsKqPjCl7huKS0A=="
    },
    "node_modules/underscore.string": {
      "version": "2.3.3",
      "resolved": "https://registry.npmjs.org/underscore.string/-/underscore.string-2.3.3.tgz",
      "integrity": "sha512-hbD5MibthuDAu4yA5wxes5bzFgqd3PpBJuClbRxaNddxfdsz+qf+1kHwrGQFrmchmDHb9iNU+6EHDn8uj0xDJg==",
      "engines": {
        "node": "*"
      }
    },
    "node_modules/wikipedia": {
      "version": "2.0.0",
      "resolved": "https://registry.npmjs.org/wikipedia/-/wikipedia-2.0.0.tgz",
      "integrity": "sha512-2Rgs8cM1CNxANRJw2kw+RpZo6r/fuJSVYh91cHpEA7gXdDxmPBdGbmo1VZrrVaKmZrfMLaQo4BQeoVf0wRyoFQ==",
      "dependencies": {
        "infobox-parser": "^3.6.2",
        "node-fetch": "2.6.1"
      },
      "engines": {
        "node": ">=10"
      }
    },
    "node_modules/wikipedia-js": {
      "version": "0.0.6",
      "resolved": "https://registry.npmjs.org/wikipedia-js/-/wikipedia-js-0.0.6.tgz",
      "integrity": "sha512-1yOOzq+saeiz6TYVQvO46dH7zZVf0DiW6jinODYKKr7u3sUKzDAyne8QPqXhgOPXiaqbR1wm9iLNnIuIrgtrOA==",
      "dependencies": {
        "cheerio": "0.10.x",
        "superagent": "0.12.x",
        "underscore": "*",
        "underscore.string": "2.3.x"
      }
    }
  },
  "dependencies": {
    "boolbase": {
      "version": "1.0.0",
      "resolved": "https://registry.npmjs.org/boolbase/-/boolbase-1.0.0.tgz",
      "integrity": "sha512-JZOSA7Mo9sNGB8+UjSgzdLtokWAky1zbztM3WRLCbZ70/3cTANmQmOdR7y2g+J0e2WXywy1yS468tY+IruqEww=="
    },
    "camelcase": {
      "version": "4.1.0",
      "resolved": "https://registry.npmjs.org/camelcase/-/camelcase-4.1.0.tgz",
      "integrity": "sha512-FxAv7HpHrXbh3aPo4o2qxHay2lkLY3x5Mw3KeE4KQE8ysVfziWeRZDwcjauvwBSGEC/nXUPzZy8zeh4HokqOnw=="
    },
    "cheerio": {
      "version": "0.10.8",
      "resolved": "https://registry.npmjs.org/cheerio/-/cheerio-0.10.8.tgz",
      "integrity": "sha512-/rDdcRIPVkXblUMxhRe9r/sANqG5T7App+V3LJby4GkN+0PrWmFwpE1k4FfbFpiJAOAy7vxUzi4sNX5in0nL2w==",
      "requires": {
        "cheerio-select": "*",
        "entities": "0.x",
        "htmlparser2": "2.x",
        "underscore": "~1.4"
      },
      "dependencies": {
        "underscore": {
          "version": "1.4.4",
          "resolved": "https://registry.npmjs.org/underscore/-/underscore-1.4.4.tgz",
          "integrity": "sha512-ZqGrAgaqqZM7LGRzNjLnw5elevWb5M8LEoDMadxIW3OWbcv72wMMgKdwOKpd5Fqxe8choLD8HN3iSj3TUh/giQ=="
        }
      }
    },
    "cheerio-select": {
      "version": "2.1.0",
      "resolved": "https://registry.npmjs.org/cheerio-select/-/cheerio-select-2.1.0.tgz",
      "integrity": "sha512-9v9kG0LvzrlcungtnJtpGNxY+fzECQKhK4EGJX2vByejiMX84MFNQw4UxPJl3bFbTMw+Dfs37XaIkCwTZfLh4g==",
      "requires": {
        "boolbase": "^1.0.0",
        "css-select": "^5.1.0",
        "css-what": "^6.1.0",
        "domelementtype": "^2.3.0",
        "domhandler": "^5.0.3",
        "domutils": "^3.0.1"
      }
    },
    "cookiejar": {
      "version": "1.3.0",
      "resolved": "https://registry.npmjs.org/cookiejar/-/cookiejar-1.3.0.tgz",
      "integrity": "sha512-U+NgxxtwHIokuL04FqKEkqsaWBDtnCQo+wvYjUCtBA56Lcg8vpV3SGtBx+RAmw92SV3VT8PwsYcCFK/cC3Dw+A=="
    },
    "css-select": {
      "version": "5.1.0",
      "resolved": "https://registry.npmjs.org/css-select/-/css-select-5.1.0.tgz",
      "integrity": "sha512-nwoRF1rvRRnnCqqY7updORDsuqKzqYJ28+oSMaJMMgOauh3fvwHqMS7EZpIPqK8GL+g9mKxF1vP/ZjSeNjEVHg==",
      "requires": {
        "boolbase": "^1.0.0",
        "css-what": "^6.1.0",
        "domhandler": "^5.0.2",
        "domutils": "^3.0.1",
        "nth-check": "^2.0.1"
      }
    },
    "css-what": {
      "version": "6.1.0",
      "resolved": "https://registry.npmjs.org/css-what/-/css-what-6.1.0.tgz",
      "integrity": "sha512-HTUrgRJ7r4dsZKU6GjmpfRK1O76h97Z8MfS1G0FozR+oF2kG6Vfe8JE6zwrkbxigziPHinCJ+gCPjA9EaBDtRw=="
    },
    "dom-serializer": {
      "version": "2.0.0",
      "resolved": "https://registry.npmjs.org/dom-serializer/-/dom-serializer-2.0.0.tgz",
      "integrity": "sha512-wIkAryiqt/nV5EQKqQpo3SToSOV9J0DnbJqwK7Wv/Trc92zIAYZ4FlMu+JPFW1DfGFt81ZTCGgDEabffXeLyJg==",
      "requires": {
        "domelementtype": "^2.3.0",
        "domhandler": "^5.0.2",
        "entities": "^4.2.0"
      },
      "dependencies": {
        "entities": {
          "version": "4.4.0",
          "resolved": "https://registry.npmjs.org/entities/-/entities-4.4.0.tgz",
          "integrity": "sha512-oYp7156SP8LkeGD0GF85ad1X9Ai79WtRsZ2gxJqtBuzH+98YUV6jkHEKlZkMbcrjJjIVJNIDP/3WL9wQkoPbWA=="
        }
      }
    },
    "domelementtype": {
      "version": "2.3.0",
      "resolved": "https://registry.npmjs.org/domelementtype/-/domelementtype-2.3.0.tgz",
      "integrity": "sha512-OLETBj6w0OsagBwdXnPdN0cnMfF9opN69co+7ZrbfPGrdpPVNBUj02spi6B1N7wChLQiPn4CSH/zJvXw56gmHw=="
    },
    "domhandler": {
      "version": "5.0.3",
      "resolved": "https://registry.npmjs.org/domhandler/-/domhandler-5.0.3.tgz",
      "integrity": "sha512-cgwlv/1iFQiFnU96XXgROh8xTeetsnJiDsTc7TYCLFd9+/WNkIqPTxiM/8pSd8VIrhXGTf1Ny1q1hquVqDJB5w==",
      "requires": {
        "domelementtype": "^2.3.0"
      }
    },
    "domutils": {
      "version": "3.0.1",
      "resolved": "https://registry.npmjs.org/domutils/-/domutils-3.0.1.tgz",
      "integrity": "sha512-z08c1l761iKhDFtfXO04C7kTdPBLi41zwOZl00WS8b5eiaebNpY00HKbztwBq+e3vyqWNwWF3mP9YLUeqIrF+Q==",
      "requires": {
        "dom-serializer": "^2.0.0",
        "domelementtype": "^2.3.0",
        "domhandler": "^5.0.1"
      }
    },
    "emitter-component": {
      "version": "0.0.6",
      "resolved": "https://registry.npmjs.org/emitter-component/-/emitter-component-0.0.6.tgz",
      "integrity": "sha512-n2jptjd4U6F7sUxYJFrTp8m5BYhT/TNE5RyhNKsN9AWlIUqSxC+khjR8rtfd6bVQ0IccjB1lYPQ91R09ADlsUg=="
    },
    "entities": {
      "version": "0.5.0",
      "resolved": "https://registry.npmjs.org/entities/-/entities-0.5.0.tgz",
      "integrity": "sha512-T5XQtlzuW+PfeSsGp3uryfYQof820zYbnUnUDEkwUVIAfgYeixIN16c4jh8gs0SqJUTGLU0XD6QsvjEPbmdwzQ=="
    },
    "formidable": {
      "version": "1.0.9",
      "resolved": "https://registry.npmjs.org/formidable/-/formidable-1.0.9.tgz",
      "integrity": "sha512-tDcFwwnfKheIxsMcKzYjEz4jrcDfHWfyVg5Y9AxPG/YfmkGdOdcHCMDWNg1iIOaSN3VhVD0kCkwayiG9/Drg4Q=="
    },
    "htmlparser2": {
      "version": "2.6.0",
      "resolved": "https://registry.npmjs.org/htmlparser2/-/htmlparser2-2.6.0.tgz",
      "integrity": "sha512-oR9aps3hDZdU0whPlDjz4HdafpcZclpjrUOwPqDldr+WDubEnVerBNP8I0Wy0VIZO5Mxq/4yALDOYZTWf5Jtog==",
      "requires": {
        "domelementtype": "1",
        "domhandler": "2.0",
        "domutils": "1.0"
      },
      "dependencies": {
        "domelementtype": {
          "version": "1.3.1",
          "resolved": "https://registry.npmjs.org/domelementtype/-/domelementtype-1.3.1.tgz",
          "integrity": "sha512-BSKB+TSpMpFI/HOxCNr1O8aMOTZ8hT3pM3GQ0w/mWRmkhEDSFJkkyzz4XQsBV44BChwGkrDfMyjVD0eA2aFV3w=="
        },
        "domhandler": {
          "version": "2.0.3",
          "resolved": "https://registry.npmjs.org/domhandler/-/domhandler-2.0.3.tgz",
          "integrity": "sha512-D8+qeCUo6LpYvBZsmXWunDJ9zOD8mVg6EwZIdgxmnT+xGWRsReF/TwsZ5EzlIJDipxlE6qJh1dXt9oeplGN3Bg==",
          "requires": {
            "domelementtype": "1"
          }
        },
        "domutils": {
          "version": "1.0.1",
          "resolved": "https://registry.npmjs.org/domutils/-/domutils-1.0.1.tgz",
          "integrity": "sha512-EtnpDnVNvVaRBHmc5PV2lGHlgic4IjrYgS1f3U/M7CjihJIKfsJFvwj6JfAjr7f7wNDcloq3rOb08xAiL622gA==",
          "requires": {
            "domelementtype": "1"
          }
        }
      }
    },
    "infobox-parser": {
      "version": "3.6.2",
      "resolved": "https://registry.npmjs.org/infobox-parser/-/infobox-parser-3.6.2.tgz",
      "integrity": "sha512-lasdwvbtjCtDDO6mArAs/ueFEnBJRyo2UbZPAkd5rEG5NVJ3XFCOvbMwNTT/rJlFv1+ORw8D3UvZV4brpgATCg==",
      "requires": {
        "camelcase": "^4.1.0"
      }
    },
    "methods": {
      "version": "0.0.1",
      "resolved": "https://registry.npmjs.org/methods/-/methods-0.0.1.tgz",
      "integrity": "sha512-pB8oFfci/xcfUgM6DTxc7lbTKifPPgs3mZUOsEgaH+1TTWpmcmv3sHl+5sUHIj2X2W8aPYa2+nJealRHK+Lo6A=="
    },
    "mime": {
      "version": "1.2.5",
      "resolved": "https://registry.npmjs.org/mime/-/mime-1.2.5.tgz",
      "integrity": "sha512-QfwTOA+zRHSZXxl9Y7ue5ifKDhU1prnh0dO67Vgcl7Lcx0+79vL9A1ln0qtVur8CFSdYq5Zhnw9DDZQgwDh8Ng=="
    },
    "node-fetch": {
      "version": "2.6.1",
      "resolved": "https://registry.npmjs.org/node-fetch/-/node-fetch-2.6.1.tgz",
      "integrity": "sha512-V4aYg89jEoVRxRb2fJdAg8FHvI7cEyYdVAh94HH0UIK8oJxUfkjlDQN9RbMx+bEjP7+ggMiFRprSti032Oipxw=="
    },
    "nth-check": {
      "version": "2.1.1",
      "resolved": "https://registry.npmjs.org/nth-check/-/nth-check-2.1.1.tgz",
      "integrity": "sha512-lqjrjmaOoAnWfMmBPL+XNnynZh2+swxiX3WUE0s4yEHI6m+AwrK2UZOimIRl3X/4QctVqS8AiZjFqyOGrMXb/w==",
      "requires": {
        "boolbase": "^1.0.0"
      }
    },
    "qs": {
      "version": "0.5.2",
      "resolved": "https://registry.npmjs.org/qs/-/qs-0.5.2.tgz",
      "integrity": "sha512-QYDRP8JGJ3fTiCieCglCfvN6BYBWd/qAm9F4KVAdSNE16Okoyzn/8KQxegJdZ78brV81jTLfK7/KO8YQ94fF6g=="
    },
    "superagent": {
      "version": "0.12.4",
      "resolved": "https://registry.npmjs.org/superagent/-/superagent-0.12.4.tgz",
      "integrity": "sha512-vr0j35KLjGwGrihUCSueHm0Ov8Hm7Rma84mZHuQxrzF2QHrnNrzLMFA+aXfXWe5NQuTgPIYyeo7D4FqvqWqppg==",
      "requires": {
        "cookiejar": "1.3.0",
        "emitter-component": "0.0.6",
        "formidable": "1.0.9",
        "methods": "0.0.1",
        "mime": "1.2.5",
        "qs": "0.5.2"
      }
    },
    "underscore": {
      "version": "1.13.6",
      "resolved": "https://registry.npmjs.org/underscore/-/underscore-1.13.6.tgz",
      "integrity": "sha512-+A5Sja4HP1M08MaXya7p5LvjuM7K6q/2EaC0+iovj/wOcMsTzMvDFbasi/oSapiwOlt252IqsKqPjCl7huKS0A=="
    },
    "underscore.string": {
      "version": "2.3.3",
      "resolved": "https://registry.npmjs.org/underscore.string/-/underscore.string-2.3.3.tgz",
      "integrity": "sha512-hbD5MibthuDAu4yA5wxes5bzFgqd3PpBJuClbRxaNddxfdsz+qf+1kHwrGQFrmchmDHb9iNU+6EHDn8uj0xDJg=="
    },
    "wikipedia": {
      "version": "2.0.0",
      "resolved": "https://registry.npmjs.org/wikipedia/-/wikipedia-2.0.0.tgz",
      "integrity": "sha512-2Rgs8cM1CNxANRJw2kw+RpZo6r/fuJSVYh91cHpEA7gXdDxmPBdGbmo1VZrrVaKmZrfMLaQo4BQeoVf0wRyoFQ==",
      "requires": {
        "infobox-parser": "^3.6.2",
        "node-fetch": "2.6.1"
      }
    },
    "wikipedia-js": {
      "version": "0.0.6",
      "resolved": "https://registry.npmjs.org/wikipedia-js/-/wikipedia-js-0.0.6.tgz",
      "integrity": "sha512-1yOOzq+saeiz6TYVQvO46dH7zZVf0DiW6jinODYKKr7u3sUKzDAyne8QPqXhgOPXiaqbR1wm9iLNnIuIrgtrOA==",
      "requires": {
        "cheerio": "0.10.x",
        "superagent": "0.12.x",
        "underscore": "*",
        "underscore.string": "2.3.x"
      }
    }
  }
}
